
Microsoft Visual Studio Solution File, Format Version 12.00
# Visual Studio Version 17
VisualStudioVersion = 17.8.34511.84
MinimumVisualStudioVersion = 10.0.40219.1
Project("{FAE04EC0-301F-11D3-BF4B-00C04F79EFBC}") = "Tarea#2", "Tarea#2\Tarea#2.csproj", "{F33C0C68-7421-4D5C-A0FC-4CD15515DF14}"
EndProject
Global
	GlobalSection(SolutionConfigurationPlatforms) = preSolution
		Debug|Any CPU = Debug|Any CPU
		Release|Any CPU = Release|Any CPU
	EndGlobalSection
	GlobalSection(ProjectConfigurationPlatforms) = postSolution
		{F33C0C68-7421-4D5C-A0FC-4CD15515DF14}.Debug|Any CPU.ActiveCfg = Debug|Any CPU
		{F33C0C68-7421-4D5C-A0FC-4CD15515DF14}.Debug|Any CPU.Build.0 = Debug|Any CPU
		{F33C0C68-7421-4D5C-A0FC-4CD15515DF14}.Debug|Any CPU.Deploy.0 = Debug|Any CPU
		{F33C0C68-7421-4D5C-A0FC-4CD15515DF14}.Release|Any CPU.ActiveCfg = Release|Any CPU
		{F33C0C68-7421-4D5C-A0FC-4CD15515DF14}.Release|Any CPU.Build.0 = Release|Any CPU
		{F33C0C68-7421-4D5C-A0FC-4CD15515DF14}.Release|Any CPU.Deploy.0 = Release|Any CPU
	EndGlobalSection
	GlobalSection(SolutionProperties) = preSolution
		HideSolutionNode = FALSE
	EndGlobalSection
	GlobalSection(ExtensibilityGlobals) = postSolution
		SolutionGuid = {C7416C4E-971A-4D42-9FDE-60D127A61F38}
	EndGlobalSection
EndGlobal
